
Microsoft Visual Studio Solution File, Format Version 12.00
# Visual Studio Version 17
VisualStudioVersion = 17.0.32014.148
MinimumVisualStudioVersion = 10.0.40219.1
Project("{FAE04EC0-301F-11D3-BF4B-00C04F79EFBC}") = "Dal", "Dal\Dal.csproj", "{195CD5B0-CBA4-43E6-AB16-206027342F0F}"
EndProject
Project("{FAE04EC0-301F-11D3-BF4B-00C04F79EFBC}") = "BL", "BL\BL.csproj", "{3907AFB6-BE5A-4841-AE06-13CEFD3273BD}"
EndProject
Project("{FAE04EC0-301F-11D3-BF4B-00C04F79EFBC}") = "MyService", "MyService\MyService.csproj", "{DE2CFFE1-FFC4-494B-B123-F18690B9C4AD}"
EndProject
Global
	GlobalSection(SolutionConfigurationPlatforms) = preSolution
		Debug|Any CPU = Debug|Any CPU
		Release|Any CPU = Release|Any CPU
	EndGlobalSection
	GlobalSection(ProjectConfigurationPlatforms) = postSolution
		{195CD5B0-CBA4-43E6-AB16-206027342F0F}.Debug|Any CPU.ActiveCfg = Debug|Any CPU
		{195CD5B0-CBA4-43E6-AB16-206027342F0F}.Debug|Any CPU.Build.0 = Debug|Any CPU
		{195CD5B0-CBA4-43E6-AB16-206027342F0F}.Release|Any CPU.ActiveCfg = Release|Any CPU
		{195CD5B0-CBA4-43E6-AB16-206027342F0F}.Release|Any CPU.Build.0 = Release|Any CPU
		{3907AFB6-BE5A-4841-AE06-13CEFD3273BD}.Debug|Any CPU.ActiveCfg = Debug|Any CPU
		{3907AFB6-BE5A-4841-AE06-13CEFD3273BD}.Debug|Any CPU.Build.0 = Debug|Any CPU
		{3907AFB6-BE5A-4841-AE06-13CEFD3273BD}.Release|Any CPU.ActiveCfg = Release|Any CPU
		{3907AFB6-BE5A-4841-AE06-13CEFD3273BD}.Release|Any CPU.Build.0 = Release|Any CPU
		{DE2CFFE1-FFC4-494B-B123-F18690B9C4AD}.Debug|Any CPU.ActiveCfg = Debug|Any CPU
		{DE2CFFE1-FFC4-494B-B123-F18690B9C4AD}.Debug|Any CPU.Build.0 = Debug|Any CPU
		{DE2CFFE1-FFC4-494B-B123-F18690B9C4AD}.Release|Any CPU.ActiveCfg = Release|Any CPU
		{DE2CFFE1-FFC4-494B-B123-F18690B9C4AD}.Release|Any CPU.Build.0 = Release|Any CPU
	EndGlobalSection
	GlobalSection(SolutionProperties) = preSolution
		HideSolutionNode = FALSE
	EndGlobalSection
	GlobalSection(ExtensibilityGlobals) = postSolution
		SolutionGuid = {05DB3B17-1D1D-4E04-82A4-3E85EE8600CF}
	EndGlobalSection
EndGlobal
